
Microsoft Visual Studio Solution File, Format Version 12.00
# Visual Studio Version 16
VisualStudioVersion = 16.0.33529.622
MinimumVisualStudioVersion = 10.0.40219.1
Project("{FAE04EC0-301F-11D3-BF4B-00C04F79EFBC}") = "4-2", "4-2\4-2.csproj", "{CF898253-B89F-4E34-BB3D-0D95242EEE43}"
EndProject
Global
	GlobalSection(SolutionConfigurationPlatforms) = preSolution
		Debug|Any CPU = Debug|Any CPU
		Release|Any CPU = Release|Any CPU
	EndGlobalSection
	GlobalSection(ProjectConfigurationPlatforms) = postSolution
		{CF898253-B89F-4E34-BB3D-0D95242EEE43}.Debug|Any CPU.ActiveCfg = Debug|Any CPU
		{CF898253-B89F-4E34-BB3D-0D95242EEE43}.Debug|Any CPU.Build.0 = Debug|Any CPU
		{CF898253-B89F-4E34-BB3D-0D95242EEE43}.Release|Any CPU.ActiveCfg = Release|Any CPU
		{CF898253-B89F-4E34-BB3D-0D95242EEE43}.Release|Any CPU.Build.0 = Release|Any CPU
	EndGlobalSection
	GlobalSection(SolutionProperties) = preSolution
		HideSolutionNode = FALSE
	EndGlobalSection
	GlobalSection(ExtensibilityGlobals) = postSolution
		SolutionGuid = {681F5AD9-E7F5-4C27-B40E-80C68B68C2C2}
	EndGlobalSection
EndGlobal
