
Microsoft Visual Studio Solution File, Format Version 12.00
# Visual Studio Version 16
VisualStudioVersion = 16.0.33529.622
MinimumVisualStudioVersion = 10.0.40219.1
Project("{FAE04EC0-301F-11D3-BF4B-00C04F79EFBC}") = "4-1", "4-1\4-1.csproj", "{A9033EB4-25DB-4B40-B45C-201D9609A9B1}"
EndProject
Global
	GlobalSection(SolutionConfigurationPlatforms) = preSolution
		Debug|Any CPU = Debug|Any CPU
		Release|Any CPU = Release|Any CPU
	EndGlobalSection
	GlobalSection(ProjectConfigurationPlatforms) = postSolution
		{A9033EB4-25DB-4B40-B45C-201D9609A9B1}.Debug|Any CPU.ActiveCfg = Debug|Any CPU
		{A9033EB4-25DB-4B40-B45C-201D9609A9B1}.Debug|Any CPU.Build.0 = Debug|Any CPU
		{A9033EB4-25DB-4B40-B45C-201D9609A9B1}.Release|Any CPU.ActiveCfg = Release|Any CPU
		{A9033EB4-25DB-4B40-B45C-201D9609A9B1}.Release|Any CPU.Build.0 = Release|Any CPU
	EndGlobalSection
	GlobalSection(SolutionProperties) = preSolution
		HideSolutionNode = FALSE
	EndGlobalSection
	GlobalSection(ExtensibilityGlobals) = postSolution
		SolutionGuid = {0F2A9BE9-67A3-4A17-B5CA-604579410D15}
	EndGlobalSection
EndGlobal
